<Solution>
  <Folder Name="/docs/">
    <File Path="learning-log.md" />
  </Folder>
  <Folder Name="/docs/assets/" />
  <Folder Name="/Solution Items/">
    <File Path=".editorconfig" />
    <File Path=".gitignore" />
    <File Path="AGENTS.md" />
    <File Path="CLAUDE.md" />
    <File Path="docker-compose.yaml" />
    <File Path="README.md" />
  </Folder>
  <Folder Name="/src/">
    <Project Path="src/VolleyForge.API/VolleyForge.API.csproj" />
    <Project Path="src/VolleyForge.Application/VolleyForge.Application.csproj" />
    <Project Path="src/VolleyForge.Domain/VolleyForge.Domain.csproj" />
    <Project Path="src/VolleyForge.Infrastructure/VolleyForge.Infrastructure.csproj" />
  </Folder>
  <Folder Name="/tests/">
    <Project Path="tests/VolleyForge.IntegrationTests/VolleyForge.IntegrationTests.csproj" />
    <Project Path="tests/VolleyForge.UnitTests/VolleyForge.UnitTests.csproj" />
  </Folder>
</Solution>
